
Microsoft Visual Studio Solution File, Format Version 12.00
# Visual Studio 15
VisualStudioVersion = 15.0.27703.2047
MinimumVisualStudioVersion = 10.0.40219.1
Project("{FAE04EC0-301F-11D3-BF4B-00C04F79EFBC}") = "MOCompany", "MOCompany\MOCompany.csproj", "{D52C9EA4-2AD1-4951-84C7-EDA295AB33D1}"
EndProject
Global
	GlobalSection(SolutionConfigurationPlatforms) = preSolution
		Debug|Any CPU = Debug|Any CPU
		Release|Any CPU = Release|Any CPU
	EndGlobalSection
	GlobalSection(ProjectConfigurationPlatforms) = postSolution
		{D52C9EA4-2AD1-4951-84C7-EDA295AB33D1}.Debug|Any CPU.ActiveCfg = Debug|Any CPU
		{D52C9EA4-2AD1-4951-84C7-EDA295AB33D1}.Debug|Any CPU.Build.0 = Debug|Any CPU
		{D52C9EA4-2AD1-4951-84C7-EDA295AB33D1}.Release|Any CPU.ActiveCfg = Release|Any CPU
		{D52C9EA4-2AD1-4951-84C7-EDA295AB33D1}.Release|Any CPU.Build.0 = Release|Any CPU
	EndGlobalSection
	GlobalSection(SolutionProperties) = preSolution
		HideSolutionNode = FALSE
	EndGlobalSection
	GlobalSection(ExtensibilityGlobals) = postSolution
		SolutionGuid = {A1D0585D-59A9-4AEA-BC68-630729802E4F}
	EndGlobalSection
EndGlobal
